
Microsoft Visual Studio Solution File, Format Version 12.00
# Visual Studio Version 16
VisualStudioVersion = 16.0.29215.179
MinimumVisualStudioVersion = 10.0.40219.1
Project("{FAE04EC0-301F-11D3-BF4B-00C04F79EFBC}") = "Homework_2", "Homework_2\Homework_2.csproj", "{BDAD9AC1-7657-4087-8588-F6AEBA8A5A47}"
EndProject
Global
	GlobalSection(SolutionConfigurationPlatforms) = preSolution
		Debug|Any CPU = Debug|Any CPU
		Release|Any CPU = Release|Any CPU
	EndGlobalSection
	GlobalSection(ProjectConfigurationPlatforms) = postSolution
		{BDAD9AC1-7657-4087-8588-F6AEBA8A5A47}.Debug|Any CPU.ActiveCfg = Debug|Any CPU
		{BDAD9AC1-7657-4087-8588-F6AEBA8A5A47}.Debug|Any CPU.Build.0 = Debug|Any CPU
		{BDAD9AC1-7657-4087-8588-F6AEBA8A5A47}.Release|Any CPU.ActiveCfg = Release|Any CPU
		{BDAD9AC1-7657-4087-8588-F6AEBA8A5A47}.Release|Any CPU.Build.0 = Release|Any CPU
	EndGlobalSection
	GlobalSection(SolutionProperties) = preSolution
		HideSolutionNode = FALSE
	EndGlobalSection
	GlobalSection(ExtensibilityGlobals) = postSolution
		SolutionGuid = {9C1B4558-8C8D-4188-B5AB-18D3394F0D03}
	EndGlobalSection
EndGlobal
